// !$*UTF8*$!
{
	archiveVersion = 1;
	classes = {
	};
	objectVersion = 55;
	objects = {

/* Begin PBXBuildFile section */
		6164CEA127E0CC4800F37CB9 /* AppDelegate.swift in Sources */ = {isa = PBXBuildFile; fileRef = 6164CEA027E0CC4800F37CB9 /* AppDelegate.swift */; };
		6164CEA327E0CC4800F37CB9 /* SceneDelegate.swift in Sources */ = {isa = PBXBuildFile; fileRef = 6164CEA227E0CC4800F37CB9 /* SceneDelegate.swift */; };
		6164CEA527E0CC4800F37CB9 /* ViewController.swift in Sources */ = {isa = PBXBuildFile; fileRef = 6164CEA427E0CC4800F37CB9 /* ViewController.swift */; };
		6164CEA827E0CC4800F37CB9 /* Main.storyboard in Resources */ = {isa = PBXBuildFile; fileRef = 6164CEA627E0CC4800F37CB9 /* Main.storyboard */; };
		6164CEAA27E0CC4A00F37CB9 /* Assets.xcassets in Resources */ = {isa = PBXBuildFile; fileRef = 6164CEA927E0CC4A00F37CB9 /* Assets.xcassets */; };
		6164CEAD27E0CC4A00F37CB9 /* LaunchScreen.storyboard in Resources */ = {isa = PBXBuildFile; fileRef = 6164CEAB27E0CC4A00F37CB9 /* LaunchScreen.storyboard */; };
		6164CEB827E0CC4A00F37CB9 /* PhotoGalleryTests.swift in Sources */ = {isa = PBXBuildFile; fileRef = 6164CEB727E0CC4A00F37CB9 /* PhotoGalleryTests.swift */; };
		6164CEC227E0CC4A00F37CB9 /* PhotoGalleryUITests.swift in Sources */ = {isa = PBXBuildFile; fileRef = 6164CEC127E0CC4A00F37CB9 /* PhotoGalleryUITests.swift */; };
		6164CEC427E0CC4A00F37CB9 /* PhotoGalleryUITestsLaunchTests.swift in Sources */ = {isa = PBXBuildFile; fileRef = 6164CEC327E0CC4A00F37CB9 /* PhotoGalleryUITestsLaunchTests.swift */; };
		6164CED427E0CCBD00F37CB9 /* Photo.swift in Sources */ = {isa = PBXBuildFile; fileRef = 6164CED327E0CCBD00F37CB9 /* Photo.swift */; };
/* End PBXBuildFile section */

/* Begin PBXContainerItemProxy section */
		6164CEB427E0CC4A00F37CB9 /* PBXContainerItemProxy */ = {
			isa = PBXContainerItemProxy;
			containerPortal = 6164CE9527E0CC4800F37CB9 /* Project object */;
			proxyType = 1;
			remoteGlobalIDString = 6164CE9C27E0CC4800F37CB9;
			remoteInfo = PhotoGallery;
		};
		6164CEBE27E0CC4A00F37CB9 /* PBXContainerItemProxy */ = {
			isa = PBXContainerItemProxy;
			containerPortal = 6164CE9527E0CC4800F37CB9 /* Project object */;
			proxyType = 1;
			remoteGlobalIDString = 6164CE9C27E0CC4800F37CB9;
			remoteInfo = PhotoGallery;
		};
/* End PBXContainerItemProxy section */

/* Begin PBXFileReference section */
		6164CE9D27E0CC4800F37CB9 /* PhotoGallery.app */ = {isa = PBXFileReference; explicitFileType = wrapper.application; includeInIndex = 0; path = PhotoGallery.app; sourceTree = BUILT_PRODUCTS_DIR; };
		6164CEA027E0CC4800F37CB9 /* AppDelegate.swift */ = {isa = PBXFileReference; lastKnownFileType = sourcecode.swift; path = AppDelegate.swift; sourceTree = "<group>"; };
		6164CEA227E0CC4800F37CB9 /* SceneDelegate.swift */ = {isa = PBXFileReference; lastKnownFileType = sourcecode.swift; path = SceneDelegate.swift; sourceTree = "<group>"; };
		6164CEA427E0CC4800F37CB9 /* ViewController.swift */ = {isa = PBXFileReference; lastKnownFileType = sourcecode.swift; path = ViewController.swift; sourceTree = "<group>"; };
		6164CEA727E0CC4800F37CB9 /* Base */ = {isa = PBXFileReference; lastKnownFileType = file.storyboard; name = Base; path = Base.lproj/Main.storyboard; sourceTree = "<group>"; };
		6164CEA927E0CC4A00F37CB9 /* Assets.xcassets */ = {isa = PBXFileReference; lastKnownFileType = folder.assetcatalog; path = Assets.xcassets; sourceTree = "<group>"; };
		6164CEAC27E0CC4A00F37CB9 /* Base */ = {isa = PBXFileReference; lastKnownFileType = file.storyboard; name = Base; path = Base.lproj/LaunchScreen.storyboard; sourceTree = "<group>"; };
		6164CEAE27E0CC4A00F37CB9 /* Info.plist */ = {isa = PBXFileReference; lastKnownFileType = text.plist.xml; path = Info.plist; sourceTree = "<group>"; };
		6164CEB327E0CC4A00F37CB9 /* PhotoGalleryTests.xctest */ = {isa = PBXFileReference; explicitFileType = wrapper.cfbundle; includeInIndex = 0; path = PhotoGalleryTests.xctest; sourceTree = BUILT_PRODUCTS_DIR; };
		6164CEB727E0CC4A00F37CB9 /* PhotoGalleryTests.swift */ = {isa = PBXFileReference; lastKnownFileType = sourcecode.swift; path = PhotoGalleryTests.swift; sourceTree = "<group>"; };
		6164CEBD27E0CC4A00F37CB9 /* PhotoGalleryUITests.xctest */ = {isa = PBXFileReference; explicitFileType = wrapper.cfbundle; includeInIndex = 0; path = PhotoGalleryUITests.xctest; sourceTree = BUILT_PRODUCTS_DIR; };
		6164CEC127E0CC4A00F37CB9 /* PhotoGalleryUITests.swift */ = {isa = PBXFileReference; lastKnownFileType = sourcecode.swift; path = PhotoGalleryUITests.swift; sourceTree = "<group>"; };
		6164CEC327E0CC4A00F37CB9 /* PhotoGalleryUITestsLaunchTests.swift */ = {isa = PBXFileReference; lastKnownFileType = sourcecode.swift; path = PhotoGalleryUITestsLaunchTests.swift; sourceTree = "<group>"; };
		6164CED327E0CCBD00F37CB9 /* Photo.swift */ = {isa = PBXFileReference; lastKnownFileType = sourcecode.swift; path = Photo.swift; sourceTree = "<group>"; };
/* End PBXFileReference section */

/* Begin PBXFrameworksBuildPhase section */
		6164CE9A27E0CC4800F37CB9 /* Frameworks */ = {
			isa = PBXFrameworksBuildPhase;
			buildActionMask = 2147483647;
			files = (
			);
			runOnlyForDeploymentPostprocessing = 0;
		};
		6164CEB027E0CC4A00F37CB9 /* Frameworks */ = {
			isa = PBXFrameworksBuildPhase;
			buildActionMask = 2147483647;
			files = (
			);
			runOnlyForDeploymentPostprocessing = 0;
		};
		6164CEBA27E0CC4A00F37CB9 /* Frameworks */ = {
			isa = PBXFrameworksBuildPhase;
			buildActionMask = 2147483647;
			files = (
			);
			runOnlyForDeploymentPostprocessing = 0;
		};
/* End PBXFrameworksBuildPhase section */

/* Begin PBXGroup section */
		6164CE9427E0CC4800F37CB9 = {
			isa = PBXGroup;
			children = (
				6164CE9F27E0CC4800F37CB9 /* PhotoGallery */,
				6164CEB627E0CC4A00F37CB9 /* PhotoGalleryTests */,
				6164CEC027E0CC4A00F37CB9 /* PhotoGalleryUITests */,
				6164CE9E27E0CC4800F37CB9 /* Products */,
			);
			sourceTree = "<group>";
		};
		6164CE9E27E0CC4800F37CB9 /* Products */ = {
			isa = PBXGroup;
			children = (
				6164CE9D27E0CC4800F37CB9 /* PhotoGallery.app */,
				6164CEB327E0CC4A00F37CB9 /* PhotoGalleryTests.xctest */,
				6164CEBD27E0CC4A00F37CB9 /* PhotoGalleryUITests.xctest */,
			);
			name = Products;
			sourceTree = "<group>";
		};
		6164CE9F27E0CC4800F37CB9 /* PhotoGallery */ = {
			isa = PBXGroup;
			children = (
				6164CED027E0CC5400F37CB9 /* App */,
				6164CEA027E0CC4800F37CB9 /* AppDelegate.swift */,
				6164CEA227E0CC4800F37CB9 /* SceneDelegate.swift */,
				6164CEA427E0CC4800F37CB9 /* ViewController.swift */,
				6164CEA627E0CC4800F37CB9 /* Main.storyboard */,
				6164CEA927E0CC4A00F37CB9 /* Assets.xcassets */,
				6164CEAB27E0CC4A00F37CB9 /* LaunchScreen.storyboard */,
				6164CEAE27E0CC4A00F37CB9 /* Info.plist */,
			);
			path = PhotoGallery;
			sourceTree = "<group>";
		};
		6164CEB627E0CC4A00F37CB9 /* PhotoGalleryTests */ = {
			isa = PBXGroup;
			children = (
				6164CEB727E0CC4A00F37CB9 /* PhotoGalleryTests.swift */,
			);
			path = PhotoGalleryTests;
			sourceTree = "<group>";
		};
		6164CEC027E0CC4A00F37CB9 /* PhotoGalleryUITests */ = {
			isa = PBXGroup;
			children = (
				6164CEC127E0CC4A00F37CB9 /* PhotoGalleryUITests.swift */,
				6164CEC327E0CC4A00F37CB9 /* PhotoGalleryUITestsLaunchTests.swift */,
			);
			path = PhotoGalleryUITests;
			sourceTree = "<group>";
		};
		6164CED027E0CC5400F37CB9 /* App */ = {
			isa = PBXGroup;
			children = (
				6164CED227E0CC6000F37CB9 /* Feature */,
				6164CED127E0CC5A00F37CB9 /* Models */,
			);
			path = App;
			sourceTree = "<group>";
		};
		6164CED127E0CC5A00F37CB9 /* Models */ = {
			isa = PBXGroup;
			children = (
				6164CED327E0CCBD00F37CB9 /* Photo.swift */,
			);
			path = Models;
			sourceTree = "<group>";
		};
		6164CED227E0CC6000F37CB9 /* Feature */ = {
			isa = PBXGroup;
			children = (
			);
			path = Feature;
			sourceTree = "<group>";
		};
/* End PBXGroup section */

/* Begin PBXNativeTarget section */
		6164CE9C27E0CC4800F37CB9 /* PhotoGallery */ = {
			isa = PBXNativeTarget;
			buildConfigurationList = 6164CEC727E0CC4A00F37CB9 /* Build configuration list for PBXNativeTarget "PhotoGallery" */;
			buildPhases = (
				6164CE9927E0CC4800F37CB9 /* Sources */,
				6164CE9A27E0CC4800F37CB9 /* Frameworks */,
				6164CE9B27E0CC4800F37CB9 /* Resources */,
			);
			buildRules = (
			);
			dependencies = (
			);
			name = PhotoGallery;
			productName = PhotoGallery;
			productReference = 6164CE9D27E0CC4800F37CB9 /* PhotoGallery.app */;
			productType = "com.apple.product-type.application";
		};
		6164CEB227E0CC4A00F37CB9 /* PhotoGalleryTests */ = {
			isa = PBXNativeTarget;
			buildConfigurationList = 6164CECA27E0CC4A00F37CB9 /* Build configuration list for PBXNativeTarget "PhotoGalleryTests" */;
			buildPhases = (
				6164CEAF27E0CC4A00F37CB9 /* Sources */,
				6164CEB027E0CC4A00F37CB9 /* Frameworks */,
				6164CEB127E0CC4A00F37CB9 /* Resources */,
			);
			buildRules = (
			);
			dependencies = (
				6164CEB527E0CC4A00F37CB9 /* PBXTargetDependency */,
			);
			name = PhotoGalleryTests;
			productName = PhotoGalleryTests;
			productReference = 6164CEB327E0CC4A00F37CB9 /* PhotoGalleryTests.xctest */;
			productType = "com.apple.product-type.bundle.unit-test";
		};
		6164CEBC27E0CC4A00F37CB9 /* PhotoGalleryUITests */ = {
			isa = PBXNativeTarget;
			buildConfigurationList = 6164CECD27E0CC4A00F37CB9 /* Build configuration list for PBXNativeTarget "PhotoGalleryUITests" */;
			buildPhases = (
				6164CEB927E0CC4A00F37CB9 /* Sources */,
				6164CEBA27E0CC4A00F37CB9 /* Frameworks */,
				6164CEBB27E0CC4A00F37CB9 /* Resources */,
			);
			buildRules = (
			);
			dependencies = (
				6164CEBF27E0CC4A00F37CB9 /* PBXTargetDependency */,
			);
			name = PhotoGalleryUITests;
			productName = PhotoGalleryUITests;
			productReference = 6164CEBD27E0CC4A00F37CB9 /* PhotoGalleryUITests.xctest */;
			productType = "com.apple.product-type.bundle.ui-testing";
		};
/* End PBXNativeTarget section */

/* Begin PBXProject section */
		6164CE9527E0CC4800F37CB9 /* Project object */ = {
			isa = PBXProject;
			attributes = {
				BuildIndependentTargetsInParallel = 1;
				LastSwiftUpdateCheck = 1320;
				LastUpgradeCheck = 1320;
				TargetAttributes = {
					6164CE9C27E0CC4800F37CB9 = {
						CreatedOnToolsVersion = 13.2.1;
					};
					6164CEB227E0CC4A00F37CB9 = {
						CreatedOnToolsVersion = 13.2.1;
						TestTargetID = 6164CE9C27E0CC4800F37CB9;
					};
					6164CEBC27E0CC4A00F37CB9 = {
						CreatedOnToolsVersion = 13.2.1;
						TestTargetID = 6164CE9C27E0CC4800F37CB9;
					};
				};
			};
			buildConfigurationList = 6164CE9827E0CC4800F37CB9 /* Build configuration list for PBXProject "PhotoGallery" */;
			compatibilityVersion = "Xcode 13.0";
			developmentRegion = en;
			hasScannedForEncodings = 0;
			knownRegions = (
				en,
				Base,
			);
			mainGroup = 6164CE9427E0CC4800F37CB9;
			productRefGroup = 6164CE9E27E0CC4800F37CB9 /* Products */;
			projectDirPath = "";
			projectRoot = "";
			targets = (
				6164CE9C27E0CC4800F37CB9 /* PhotoGallery */,
				6164CEB227E0CC4A00F37CB9 /* PhotoGalleryTests */,
				6164CEBC27E0CC4A00F37CB9 /* PhotoGalleryUITests */,
			);
		};
/* End PBXProject section */

/* Begin PBXResourcesBuildPhase section */
		6164CE9B27E0CC4800F37CB9 /* Resources */ = {
			isa = PBXResourcesBuildPhase;
			buildActionMask = 2147483647;
			files = (
				6164CEAD27E0CC4A00F37CB9 /* LaunchScreen.storyboard in Resources */,
				6164CEAA27E0CC4A00F37CB9 /* Assets.xcassets in Resources */,
				6164CEA827E0CC4800F37CB9 /* Main.storyboard in Resources */,
			);
			runOnlyForDeploymentPostprocessing = 0;
		};
		6164CEB127E0CC4A00F37CB9 /* Resources */ = {
			isa = PBXResourcesBuildPhase;
			buildActionMask = 2147483647;
			files = (
			);
			runOnlyForDeploymentPostprocessing = 0;
		};
		6164CEBB27E0CC4A00F37CB9 /* Resources */ = {
			isa = PBXResourcesBuildPhase;
			buildActionMask = 2147483647;
			files = (
			);
			runOnlyForDeploymentPostprocessing = 0;
		};
/* End PBXResourcesBuildPhase section */

/* Begin PBXSourcesBuildPhase section */
		6164CE9927E0CC4800F37CB9 /* Sources */ = {
			isa = PBXSourcesBuildPhase;
			buildActionMask = 2147483647;
			files = (
				6164CED427E0CCBD00F37CB9 /* Photo.swift in Sources */,
				6164CEA527E0CC4800F37CB9 /* ViewController.swift in Sources */,
				6164CEA127E0CC4800F37CB9 /* AppDelegate.swift in Sources */,
				6164CEA327E0CC4800F37CB9 /* SceneDelegate.swift in Sources */,
			);
			runOnlyForDeploymentPostprocessing = 0;
		};
		6164CEAF27E0CC4A00F37CB9 /* Sources */ = {
			isa = PBXSourcesBuildPhase;
			buildActionMask = 2147483647;
			files = (
				6164CEB827E0CC4A00F37CB9 /* PhotoGalleryTests.swift in Sources */,
			);
			runOnlyForDeploymentPostprocessing = 0;
		};
		6164CEB927E0CC4A00F37CB9 /* Sources */ = {
			isa = PBXSourcesBuildPhase;
			buildActionMask = 2147483647;
			files = (
				6164CEC427E0CC4A00F37CB9 /* PhotoGalleryUITestsLaunchTests.swift in Sources */,
				6164CEC227E0CC4A00F37CB9 /* PhotoGalleryUITests.swift in Sources */,
			);
			runOnlyForDeploymentPostprocessing = 0;
		};
/* End PBXSourcesBuildPhase section */

/* Begin PBXTargetDependency section */
		6164CEB527E0CC4A00F37CB9 /* PBXTargetDependency */ = {
			isa = PBXTargetDependency;
			target = 6164CE9C27E0CC4800F37CB9 /* PhotoGallery */;
			targetProxy = 6164CEB427E0CC4A00F37CB9 /* PBXContainerItemProxy */;
		};
		6164CEBF27E0CC4A00F37CB9 /* PBXTargetDependency */ = {
			isa = PBXTargetDependency;
			target = 6164CE9C27E0CC4800F37CB9 /* PhotoGallery */;
			targetProxy = 6164CEBE27E0CC4A00F37CB9 /* PBXContainerItemProxy */;
		};
/* End PBXTargetDependency section */

/* Begin PBXVariantGroup section */
		6164CEA627E0CC4800F37CB9 /* Main.storyboard */ = {
			isa = PBXVariantGroup;
			children = (
				6164CEA727E0CC4800F37CB9 /* Base */,
			);
			name = Main.storyboard;
			sourceTree = "<group>";
		};
		6164CEAB27E0CC4A00F37CB9 /* LaunchScreen.storyboard */ = {
			isa = PBXVariantGroup;
			children = (
				6164CEAC27E0CC4A00F37CB9 /* Base */,
			);
			name = LaunchScreen.storyboard;
			sourceTree = "<group>";
		};
/* End PBXVariantGroup section */

/* Begin XCBuildConfiguration section */
		6164CEC527E0CC4A00F37CB9 /* Debug */ = {
			isa = XCBuildConfiguration;
			buildSettings = {
				ALWAYS_SEARCH_USER_PATHS = NO;
				CLANG_ANALYZER_NONNULL = YES;
				CLANG_ANALYZER_NUMBER_OBJECT_CONVERSION = YES_AGGRESSIVE;
				CLANG_CXX_LANGUAGE_STANDARD = "gnu++17";
				CLANG_CXX_LIBRARY = "libc++";
				CLANG_ENABLE_MODULES = YES;
				CLANG_ENABLE_OBJC_ARC = YES;
				CLANG_ENABLE_OBJC_WEAK = YES;
				CLANG_WARN_BLOCK_CAPTURE_AUTORELEASING = YES;
				CLANG_WARN_BOOL_CONVERSION = YES;
				CLANG_WARN_COMMA = YES;
				CLANG_WARN_CONSTANT_CONVERSION = YES;
				CLANG_WARN_DEPRECATED_OBJC_IMPLEMENTATIONS = YES;
				CLANG_WARN_DIRECT_OBJC_ISA_USAGE = YES_ERROR;
				CLANG_WARN_DOCUMENTATION_COMMENTS = YES;
				CLANG_WARN_EMPTY_BODY = YES;
				CLANG_WARN_ENUM_CONVERSION = YES;
				CLANG_WARN_INFINITE_RECURSION = YES;
				CLANG_WARN_INT_CONVERSION = YES;
				CLANG_WARN_NON_LITERAL_NULL_CONVERSION = YES;
				CLANG_WARN_OBJC_IMPLICIT_RETAIN_SELF = YES;
				CLANG_WARN_OBJC_LITERAL_CONVERSION = YES;
				CLANG_WARN_OBJC_ROOT_CLASS = YES_ERROR;
				CLANG_WARN_QUOTED_INCLUDE_IN_FRAMEWORK_HEADER = YES;
				CLANG_WARN_RANGE_LOOP_ANALYSIS = YES;
				CLANG_WARN_STRICT_PROTOTYPES = YES;
				CLANG_WARN_SUSPICIOUS_MOVE = YES;
				CLANG_WARN_UNGUARDED_AVAILABILITY = YES_AGGRESSIVE;
				CLANG_WARN_UNREACHABLE_CODE = YES;
				CLANG_WARN__DUPLICATE_METHOD_MATCH = YES;
				COPY_PHASE_STRIP = NO;
				DEBUG_INFORMATION_FORMAT = dwarf;
				ENABLE_STRICT_OBJC_MSGSEND = YES;
				ENABLE_TESTABILITY = YES;
				GCC_C_LANGUAGE_STANDARD = gnu11;
				GCC_DYNAMIC_NO_PIC = NO;
				GCC_NO_COMMON_BLOCKS = YES;
				GCC_OPTIMIZATION_LEVEL = 0;
				GCC_PREPROCESSOR_DEFINITIONS = (
					"DEBUG=1",
					"$(inherited)",
				);
				GCC_WARN_64_TO_32_BIT_CONVERSION = YES;
				GCC_WARN_ABOUT_RETURN_TYPE = YES_ERROR;
				GCC_WARN_UNDECLARED_SELECTOR = YES;
				GCC_WARN_UNINITIALIZED_AUTOS = YES_AGGRESSIVE;
				GCC_WARN_UNUSED_FUNCTION = YES;
				GCC_WARN_UNUSED_VARIABLE = YES;
				IPHONEOS_DEPLOYMENT_TARGET = 15.2;
				MTL_ENABLE_DEBUG_INFO = INCLUDE_SOURCE;
				MTL_FAST_MATH = YES;
				ONLY_ACTIVE_ARCH = YES;
				SDKROOT = iphoneos;
				SWIFT_ACTIVE_COMPILATION_CONDITIONS = DEBUG;
				SWIFT_OPTIMIZATION_LEVEL = "-Onone";
			};
			name = Debug;
		};
		6164CEC627E0CC4A00F37CB9 /* Release */ = {
			isa = XCBuildConfiguration;
			buildSettings = {
				ALWAYS_SEARCH_USER_PATHS = NO;
				CLANG_ANALYZER_NONNULL = YES;
				CLANG_ANALYZER_NUMBER_OBJECT_CONVERSION = YES_AGGRESSIVE;
				CLANG_CXX_LANGUAGE_STANDARD = "gnu++17";
				CLANG_CXX_LIBRARY = "libc++";
				CLANG_ENABLE_MODULES = YES;
				CLANG_ENABLE_OBJC_ARC = YES;
				CLANG_ENABLE_OBJC_WEAK = YES;
				CLANG_WARN_BLOCK_CAPTURE_AUTORELEASING = YES;
				CLANG_WARN_BOOL_CONVERSION = YES;
				CLANG_WARN_COMMA = YES;
				CLANG_WARN_CONSTANT_CONVERSION = YES;
				CLANG_WARN_DEPRECATED_OBJC_IMPLEMENTATIONS = YES;
				CLANG_WARN_DIRECT_OBJC_ISA_USAGE = YES_ERROR;
				CLANG_WARN_DOCUMENTATION_COMMENTS = YES;
				CLANG_WARN_EMPTY_BODY = YES;
				CLANG_WARN_ENUM_CONVERSION = YES;
				CLANG_WARN_INFINITE_RECURSION = YES;
				CLANG_WARN_INT_CONVERSION = YES;
				CLANG_WARN_NON_LITERAL_NULL_CONVERSION = YES;
				CLANG_WARN_OBJC_IMPLICIT_RETAIN_SELF = YES;
				CLANG_WARN_OBJC_LITERAL_CONVERSION = YES;
				CLANG_WARN_OBJC_ROOT_CLASS = YES_ERROR;
				CLANG_WARN_QUOTED_INCLUDE_IN_FRAMEWORK_HEADER = YES;
				CLANG_WARN_RANGE_LOOP_ANALYSIS = YES;
				CLANG_WARN_STRICT_PROTOTYPES = YES;
				CLANG_WARN_SUSPICIOUS_MOVE = YES;
				CLANG_WARN_UNGUARDED_AVAILABILITY = YES_AGGRESSIVE;
				CLANG_WARN_UNREACHABLE_CODE = YES;
				CLANG_WARN__DUPLICATE_METHOD_MATCH = YES;
				COPY_PHASE_STRIP = NO;
				DEBUG_INFORMATION_FORMAT = "dwarf-with-dsym";
				ENABLE_NS_ASSERTIONS = NO;
				ENABLE_STRICT_OBJC_MSGSEND = YES;
				GCC_C_LANGUAGE_STANDARD = gnu11;
				GCC_NO_COMMON_BLOCKS = YES;
				GCC_WARN_64_TO_32_BIT_CONVERSION = YES;
				GCC_WARN_ABOUT_RETURN_TYPE = YES_ERROR;
				GCC_WARN_UNDECLARED_SELECTOR = YES;
				GCC_WARN_UNINITIALIZED_AUTOS = YES_AGGRESSIVE;
				GCC_WARN_UNUSED_FUNCTION = YES;
				GCC_WARN_UNUSED_VARIABLE = YES;
				IPHONEOS_DEPLOYMENT_TARGET = 15.2;
				MTL_ENABLE_DEBUG_INFO = NO;
				MTL_FAST_MATH = YES;
				SDKROOT = iphoneos;
				SWIFT_COMPILATION_MODE = wholemodule;
				SWIFT_OPTIMIZATION_LEVEL = "-O";
				VALIDATE_PRODUCT = YES;
			};
			name = Release;
		};
		6164CEC827E0CC4A00F37CB9 /* Debug */ = {
			isa = XCBuildConfiguration;
			buildSettings = {
				ASSETCATALOG_COMPILER_APPICON_NAME = AppIcon;
				ASSETCATALOG_COMPILER_GLOBAL_ACCENT_COLOR_NAME = AccentColor;
				CODE_SIGN_STYLE = Automatic;
				CURRENT_PROJECT_VERSION = 1;
				DEVELOPMENT_TEAM = Q7KX439C26;
				GENERATE_INFOPLIST_FILE = YES;
				INFOPLIST_FILE = PhotoGallery/Info.plist;
				INFOPLIST_KEY_UIApplicationSupportsIndirectInputEvents = YES;
				INFOPLIST_KEY_UILaunchStoryboardName = LaunchScreen;
				INFOPLIST_KEY_UIMainStoryboardFile = Main;
				INFOPLIST_KEY_UISupportedInterfaceOrientations_iPad = "UIInterfaceOrientationPortrait UIInterfaceOrientationPortraitUpsideDown UIInterfaceOrientationLandscapeLeft UIInterfaceOrientationLandscapeRight";
				INFOPLIST_KEY_UISupportedInterfaceOrientations_iPhone = "UIInterfaceOrientationPortrait UIInterfaceOrientationLandscapeLeft UIInterfaceOrientationLandscapeRight";
				LD_RUNPATH_SEARCH_PATHS = (
					"$(inherited)",
					"@executable_path/Frameworks",
				);
				MARKETING_VERSION = 1.0;
				PRODUCT_BUNDLE_IDENTIFIER = com.app.photoGallery.PhotoGallery;
				PRODUCT_NAME = "$(TARGET_NAME)";
				SWIFT_EMIT_LOC_STRINGS = YES;
				SWIFT_VERSION = 5.0;
				TARGETED_DEVICE_FAMILY = "1,2";
			};
			name = Debug;
		};
		6164CEC927E0CC4A00F37CB9 /* Release */ = {
			isa = XCBuildConfiguration;
			buildSettings = {
				ASSETCATALOG_COMPILER_APPICON_NAME = AppIcon;
				ASSETCATALOG_COMPILER_GLOBAL_ACCENT_COLOR_NAME = AccentColor;
				CODE_SIGN_STYLE = Automatic;
				CURRENT_PROJECT_VERSION = 1;
				DEVELOPMENT_TEAM = Q7KX439C26;
				GENERATE_INFOPLIST_FILE = YES;
				INFOPLIST_FILE = PhotoGallery/Info.plist;
				INFOPLIST_KEY_UIApplicationSupportsIndirectInputEvents = YES;
				INFOPLIST_KEY_UILaunchStoryboardName = LaunchScreen;
				INFOPLIST_KEY_UIMainStoryboardFile = Main;
				INFOPLIST_KEY_UISupportedInterfaceOrientations_iPad = "UIInterfaceOrientationPortrait UIInterfaceOrientationPortraitUpsideDown UIInterfaceOrientationLandscapeLeft UIInterfaceOrientationLandscapeRight";
				INFOPLIST_KEY_UISupportedInterfaceOrientations_iPhone = "UIInterfaceOrientationPortrait UIInterfaceOrientationLandscapeLeft UIInterfaceOrientationLandscapeRight";
				LD_RUNPATH_SEARCH_PATHS = (
					"$(inherited)",
					"@executable_path/Frameworks",
				);
				MARKETING_VERSION = 1.0;
				PRODUCT_BUNDLE_IDENTIFIER = com.app.photoGallery.PhotoGallery;
				PRODUCT_NAME = "$(TARGET_NAME)";
				SWIFT_EMIT_LOC_STRINGS = YES;
				SWIFT_VERSION = 5.0;
				TARGETED_DEVICE_FAMILY = "1,2";
			};
			name = Release;
		};
		6164CECB27E0CC4A00F37CB9 /* Debug */ = {
			isa = XCBuildConfiguration;
			buildSettings = {
				ALWAYS_EMBED_SWIFT_STANDARD_LIBRARIES = YES;
				BUNDLE_LOADER = "$(TEST_HOST)";
				CODE_SIGN_STYLE = Automatic;
				CURRENT_PROJECT_VERSION = 1;
				DEVELOPMENT_TEAM = Q7KX439C26;
				GENERATE_INFOPLIST_FILE = YES;
				IPHONEOS_DEPLOYMENT_TARGET = 15.2;
				MARKETING_VERSION = 1.0;
				PRODUCT_BUNDLE_IDENTIFIER = com.app.photoGallery.PhotoGalleryTests;
				PRODUCT_NAME = "$(TARGET_NAME)";
				SWIFT_EMIT_LOC_STRINGS = NO;
				SWIFT_VERSION = 5.0;
				TARGETED_DEVICE_FAMILY = "1,2";
				TEST_HOST = "$(BUILT_PRODUCTS_DIR)/PhotoGallery.app/PhotoGallery";
			};
			name = Debug;
		};
		6164CECC27E0CC4A00F37CB9 /* Release */ = {
			isa = XCBuildConfiguration;
			buildSettings = {
				ALWAYS_EMBED_SWIFT_STANDARD_LIBRARIES = YES;
				BUNDLE_LOADER = "$(TEST_HOST)";
				CODE_SIGN_STYLE = Automatic;
				CURRENT_PROJECT_VERSION = 1;
				DEVELOPMENT_TEAM = Q7KX439C26;
				GENERATE_INFOPLIST_FILE = YES;
				IPHONEOS_DEPLOYMENT_TARGET = 15.2;
				MARKETING_VERSION = 1.0;
				PRODUCT_BUNDLE_IDENTIFIER = com.app.photoGallery.PhotoGalleryTests;
				PRODUCT_NAME = "$(TARGET_NAME)";
				SWIFT_EMIT_LOC_STRINGS = NO;
				SWIFT_VERSION = 5.0;
				TARGETED_DEVICE_FAMILY = "1,2";
				TEST_HOST = "$(BUILT_PRODUCTS_DIR)/PhotoGallery.app/PhotoGallery";
			};
			name = Release;
		};
		6164CECE27E0CC4A00F37CB9 /* Debug */ = {
			isa = XCBuildConfiguration;
			buildSettings = {
				ALWAYS_EMBED_SWIFT_STANDARD_LIBRARIES = YES;
				CODE_SIGN_STYLE = Automatic;
				CURRENT_PROJECT_VERSION = 1;
				DEVELOPMENT_TEAM = Q7KX439C26;
				GENERATE_INFOPLIST_FILE = YES;
				MARKETING_VERSION = 1.0;
				PRODUCT_BUNDLE_IDENTIFIER = com.app.photoGallery.PhotoGalleryUITests;
				PRODUCT_NAME = "$(TARGET_NAME)";
				SWIFT_EMIT_LOC_STRINGS = NO;
				SWIFT_VERSION = 5.0;
				TARGETED_DEVICE_FAMILY = "1,2";
				TEST_TARGET_NAME = PhotoGallery;
			};
			name = Debug;
		};
		6164CECF27E0CC4A00F37CB9 /* Release */ = {
			isa = XCBuildConfiguration;
			buildSettings = {
				ALWAYS_EMBED_SWIFT_STANDARD_LIBRARIES = YES;
				CODE_SIGN_STYLE = Automatic;
				CURRENT_PROJECT_VERSION = 1;
				DEVELOPMENT_TEAM = Q7KX439C26;
				GENERATE_INFOPLIST_FILE = YES;
				MARKETING_VERSION = 1.0;
				PRODUCT_BUNDLE_IDENTIFIER = com.app.photoGallery.PhotoGalleryUITests;
				PRODUCT_NAME = "$(TARGET_NAME)";
				SWIFT_EMIT_LOC_STRINGS = NO;
				SWIFT_VERSION = 5.0;
				TARGETED_DEVICE_FAMILY = "1,2";
				TEST_TARGET_NAME = PhotoGallery;
			};
			name = Release;
		};
/* End XCBuildConfiguration section */

/* Begin XCConfigurationList section */
		6164CE9827E0CC4800F37CB9 /* Build configuration list for PBXProject "PhotoGallery" */ = {
			isa = XCConfigurationList;
			buildConfigurations = (
				6164CEC527E0CC4A00F37CB9 /* Debug */,
				6164CEC627E0CC4A00F37CB9 /* Release */,
			);
			defaultConfigurationIsVisible = 0;
			defaultConfigurationName = Release;
		};
		6164CEC727E0CC4A00F37CB9 /* Build configuration list for PBXNativeTarget "PhotoGallery" */ = {
			isa = XCConfigurationList;
			buildConfigurations = (
				6164CEC827E0CC4A00F37CB9 /* Debug */,
				6164CEC927E0CC4A00F37CB9 /* Release */,
			);
			defaultConfigurationIsVisible = 0;
			defaultConfigurationName = Release;
		};
		6164CECA27E0CC4A00F37CB9 /* Build configuration list for PBXNativeTarget "PhotoGalleryTests" */ = {
			isa = XCConfigurationList;
			buildConfigurations = (
				6164CECB27E0CC4A00F37CB9 /* Debug */,
				6164CECC27E0CC4A00F37CB9 /* Release */,
			);
			defaultConfigurationIsVisible = 0;
			defaultConfigurationName = Release;
		};
		6164CECD27E0CC4A00F37CB9 /* Build configuration list for PBXNativeTarget "PhotoGalleryUITests" */ = {
			isa = XCConfigurationList;
			buildConfigurations = (
				6164CECE27E0CC4A00F37CB9 /* Debug */,
				6164CECF27E0CC4A00F37CB9 /* Release */,
			);
			defaultConfigurationIsVisible = 0;
			defaultConfigurationName = Release;
		};
/* End XCConfigurationList section */
	};
	rootObject = 6164CE9527E0CC4800F37CB9 /* Project object */;
}
